{
  "name": "@dbwebb/webtec",
  "version": "2.0.0",
  "lockfileVersion": 3,
  "requires": true,
  "packages": {
    "": {
      "name": "@dbwebb/webtec",
      "version": "2.0.0",
      "license": "MIT",
      "dependencies": {
        "acorn": "^8.15.0"
      },
      "bin": {
        "webtec": "bin/dbw-webtec.bash"
      }
    },
    "../../../../../.nvm/versions/node/v22.14.0/lib/node_modules/ls": {
      "version": "0.2.1",
      "extraneous": true,
      "license": "Public Domain",
      "dependencies": {
        "glob": "7.0.5"
      }
    },
    "node_modules/acorn": {
      "version": "8.15.0",
      "resolved": "https://registry.npmjs.org/acorn/-/acorn-8.15.0.tgz",
      "integrity": "sha512-NZyJarBfL7nWwIq+FDL6Zp/yHEhePMNnnJ0y3qfieCrmNvYct8uvtiV41UvlSe6apAfk0fY1FbWx+NwfmpvtTg==",
      "license": "MIT",
      "bin": {
        "acorn": "bin/acorn"
      },
      "engines": {
        "node": ">=0.4.0"
      }
    }
  }
}
